// !$*UTF8*$!
{
	archiveVersion = 1;
	classes = {
	};
	objectVersion = 46;
	objects = {

/* Begin PBXBuildFile section */
		5FF2A1151B7E785200BB2F7D /* Boid.cpp in Sources */ = {isa = PBXBuildFile; fileRef = 5FF2A10D1B7E785200BB2F7D /* Boid.cpp */; };
		5FF2A1161B7E785200BB2F7D /* Boids-Info.plist in Resources */ = {isa = PBXBuildFile; fileRef = 5FF2A10F1B7E785200BB2F7D /* Boids-Info.plist */; };
		5FF2A1171B7E785200BB2F7D /* main.cpp in Sources */ = {isa = PBXBuildFile; fileRef = 5FF2A1101B7E785200BB2F7D /* main.cpp */; };
		5FF2A1181B7E785200BB2F7D /* ResourcePath.mm in Sources */ = {isa = PBXBuildFile; fileRef = 5FF2A1121B7E785200BB2F7D /* ResourcePath.mm */; };
		5FF2A1191B7E785200BB2F7D /* World.cpp in Sources */ = {isa = PBXBuildFile; fileRef = 5FF2A1131B7E785200BB2F7D /* World.cpp */; };
/* End PBXBuildFile section */

/* Begin PBXFileReference section */
		5FF2A0D31B7E77F300BB2F7D /* Boids.app */ = {isa = PBXFileReference; explicitFileType = wrapper.application; includeInIndex = 0; path = Boids.app; sourceTree = BUILT_PRODUCTS_DIR; };
		5FF2A10D1B7E785200BB2F7D /* Boid.cpp */ = {isa = PBXFileReference; fileEncoding = 4; lastKnownFileType = sourcecode.cpp.cpp; path = Boid.cpp; sourceTree = "<group>"; };
		5FF2A10E1B7E785200BB2F7D /* Boid.h */ = {isa = PBXFileReference; fileEncoding = 4; lastKnownFileType = sourcecode.c.h; path = Boid.h; sourceTree = "<group>"; };
		5FF2A10F1B7E785200BB2F7D /* Boids-Info.plist */ = {isa = PBXFileReference; fileEncoding = 4; lastKnownFileType = text.plist.xml; path = "Boids-Info.plist"; sourceTree = "<group>"; };
		5FF2A1101B7E785200BB2F7D /* main.cpp */ = {isa = PBXFileReference; fileEncoding = 4; lastKnownFileType = sourcecode.cpp.cpp; path = main.cpp; sourceTree = "<group>"; };
		5FF2A1111B7E785200BB2F7D /* ResourcePath.hpp */ = {isa = PBXFileReference; fileEncoding = 4; lastKnownFileType = sourcecode.cpp.h; path = ResourcePath.hpp; sourceTree = "<group>"; };
		5FF2A1121B7E785200BB2F7D /* ResourcePath.mm */ = {isa = PBXFileReference; fileEncoding = 4; lastKnownFileType = sourcecode.cpp.objcpp; path = ResourcePath.mm; sourceTree = "<group>"; };
		5FF2A1131B7E785200BB2F7D /* World.cpp */ = {isa = PBXFileReference; fileEncoding = 4; lastKnownFileType = sourcecode.cpp.cpp; path = World.cpp; sourceTree = "<group>"; };
		5FF2A1141B7E785200BB2F7D /* World.h */ = {isa = PBXFileReference; fileEncoding = 4; lastKnownFileType = sourcecode.c.h; path = World.h; sourceTree = "<group>"; };
/* End PBXFileReference section */

/* Begin PBXFrameworksBuildPhase section */
		5FF2A0CF1B7E77F300BB2F7D /* Frameworks */ = {
			isa = PBXFrameworksBuildPhase;
			buildActionMask = 2147483647;
			files = (
			);
			runOnlyForDeploymentPostprocessing = 0;
		};
/* End PBXFrameworksBuildPhase section */

/* Begin PBXGroup section */
		5FF2A0C91B7E77F300BB2F7D = {
			isa = PBXGroup;
			children = (
				5FF2A0D51B7E77F300BB2F7D /* Boids */,
				5FF2A0D41B7E77F300BB2F7D /* Products */,
			);
			sourceTree = "<group>";
		};
		5FF2A0D41B7E77F300BB2F7D /* Products */ = {
			isa = PBXGroup;
			children = (
				5FF2A0D31B7E77F300BB2F7D /* Boids.app */,
			);
			name = Products;
			sourceTree = "<group>";
		};
		5FF2A0D51B7E77F300BB2F7D /* Boids */ = {
			isa = PBXGroup;
			children = (
				5FF2A1111B7E785200BB2F7D /* ResourcePath.hpp */,
				5FF2A1121B7E785200BB2F7D /* ResourcePath.mm */,
				5FF2A10E1B7E785200BB2F7D /* Boid.h */,
				5FF2A10D1B7E785200BB2F7D /* Boid.cpp */,
				5FF2A1101B7E785200BB2F7D /* main.cpp */,
				5FF2A1131B7E785200BB2F7D /* World.cpp */,
				5FF2A1141B7E785200BB2F7D /* World.h */,
				5FF2A0D61B7E77F300BB2F7D /* Supporting Files */,
			);
			path = Boids;
			sourceTree = "<group>";
		};
		5FF2A0D61B7E77F300BB2F7D /* Supporting Files */ = {
			isa = PBXGroup;
			children = (
				5FF2A10F1B7E785200BB2F7D /* Boids-Info.plist */,
			);
			name = "Supporting Files";
			sourceTree = "<group>";
		};
/* End PBXGroup section */

/* Begin PBXNativeTarget section */
		5FF2A0D21B7E77F300BB2F7D /* Boids */ = {
			isa = PBXNativeTarget;
			buildConfigurationList = 5FF2A0E81B7E77F300BB2F7D /* Build configuration list for PBXNativeTarget "Boids" */;
			buildPhases = (
				5FF2A0CE1B7E77F300BB2F7D /* Sources */,
				5FF2A0CF1B7E77F300BB2F7D /* Frameworks */,
				5FF2A0D01B7E77F300BB2F7D /* Resources */,
				5FF2A0D11B7E77F300BB2F7D /* ShellScript */,
			);
			buildRules = (
			);
			dependencies = (
			);
			name = Boids;
			productName = Boids;
			productReference = 5FF2A0D31B7E77F300BB2F7D /* Boids.app */;
			productType = "com.apple.product-type.application";
		};
/* End PBXNativeTarget section */

/* Begin PBXProject section */
		5FF2A0CA1B7E77F300BB2F7D /* Project object */ = {
			isa = PBXProject;
			attributes = {
				LastUpgradeCheck = 0640;
				ORGANIZATIONNAME = "Алексей Кашуба";
				TargetAttributes = {
					5FF2A0D21B7E77F300BB2F7D = {
						CreatedOnToolsVersion = 6.4;
					};
				};
			};
			buildConfigurationList = 5FF2A0CD1B7E77F300BB2F7D /* Build configuration list for PBXProject "Boids" */;
			compatibilityVersion = "Xcode 3.2";
			developmentRegion = English;
			hasScannedForEncodings = 0;
			knownRegions = (
				en,
			);
			mainGroup = 5FF2A0C91B7E77F300BB2F7D;
			productRefGroup = 5FF2A0D41B7E77F300BB2F7D /* Products */;
			projectDirPath = "";
			projectRoot = "";
			targets = (
				5FF2A0D21B7E77F300BB2F7D /* Boids */,
			);
		};
/* End PBXProject section */

/* Begin PBXResourcesBuildPhase section */
		5FF2A0D01B7E77F300BB2F7D /* Resources */ = {
			isa = PBXResourcesBuildPhase;
			buildActionMask = 2147483647;
			files = (
				5FF2A1161B7E785200BB2F7D /* Boids-Info.plist in Resources */,
			);
			runOnlyForDeploymentPostprocessing = 0;
		};
/* End PBXResourcesBuildPhase section */

/* Begin PBXShellScriptBuildPhase section */
		5FF2A0D11B7E77F300BB2F7D /* ShellScript */ = {
			isa = PBXShellScriptBuildPhase;
			buildActionMask = 2147483647;
			files = (
			);
			inputPaths = (
			);
			outputPaths = (
			);
			runOnlyForDeploymentPostprocessing = 0;
			shellPath = /bin/sh;
			shellScript = "# This shell script simply copies required SFML dylibs/frameworks into the application bundle frameworks folder.\n# If you're using static libraries (which is not recommended) you should remove this script from your project.\n\n# Are we building a project that uses frameworks or dylibs?\ncase \"$SFML_BINARY_TYPE\" in\n    DYLIBS)\n        frameworks=\"false\"\n        ;;\n    *)\n        frameworks=\"true\"\n        ;;\nesac\n\n# Echoes to stderr\nerror () # $* message to display\n{\n    echo $* 1>&2\n    exit 2\n}\n\nassert () # $1 is a boolean, $2...N is an error message\n{\n    if [ $# -lt 2 ]\n    then\n        error \"Internal error in assert : not enough args\"\n    fi\n\n    if [ $1 -ne 0 ]\n    then\n        shift\n        error \"$*\"\n    fi\n}\n\nforce_remove () # $@ is some paths\n{\n    test $# -ge 1\n    assert $? \"force_remove() requires at least one parameter\"\n    rm -fr $@\n    assert $? \"couldn't remove $@\"\n}\n\ncopy () # $1 is a source, $2 is a destination\n{\n    test $# -eq 2\n    assert $? \"copy() requires two parameters\"\n    ditto \"$1\" \"$2\"\n    assert $? \"couldn't copy $1 to $2\"\n}\n\nrequire () # $1 is a SFML module like 'system' or 'audio'\n{\n    dest=\"$BUILT_PRODUCTS_DIR/$PRODUCT_NAME.app/Contents/Frameworks\"\n\n    if [ -z \"$1\" ]\n    then\n        error \"require() requires one parameter!\"\n    else\n        # clean potentially old stuff\n        force_remove \"$dest/libsfml-$1\"*\n        force_remove \"$dest/sfml-$1.framework\"\n\n        # copy SFML libraries\n        if [ \"$frameworks\" = \"true\" ]\n        then\n            source=\"/Library/Frameworks/sfml-$1.framework\"\n            target=\"sfml-$1.framework\"\n        elif [ \"$SFML_LINK_DYLIBS_SUFFIX\" = \"-d\" ]\n        then\n            source=\"/usr/local/lib/libsfml-$1-d.dylib\"\n            target=\"`readlink $source`\"\n        else\n            source=\"/usr/local/lib/libsfml-$1.dylib\"\n            target=\"`readlink $source`\"\n        fi\n\n        copy \"$source\" \"$dest/$target\"\n\n        # copy extra dependencies\n        if [ \"$1\" = \"audio\" ]\n        then\n            # copy sndfile framework too\n            copy \"/Library/Frameworks/sndfile.framework\" \"$dest/sndfile.framework\"\n        elif [ \"$1\" = \"graphics\" ]\n        then\n            # copy freetype framework too\n            copy \"/Library/Frameworks/freetype.framework\" \"$dest/freetype.framework\"\n        fi\n    fi\n}\n\nif [ -n \"$SFML_SYSTEM\" ]\nthen\n    require \"system\"\nfi\n\nif [ -n \"$SFML_AUDIO\" ]\nthen\n    require \"audio\"\nfi\n\nif [ -n \"$SFML_NETWORK\" ]\nthen\n    require \"network\"\nfi\n\nif [ -n \"$SFML_WINDOW\" ]\nthen\n    require \"window\"\nfi\n\nif [ -n \"$SFML_GRAPHICS\" ]\nthen\n    require \"graphics\"\nfi\n\n                ";
		};
/* End PBXShellScriptBuildPhase section */

/* Begin PBXSourcesBuildPhase section */
		5FF2A0CE1B7E77F300BB2F7D /* Sources */ = {
			isa = PBXSourcesBuildPhase;
			buildActionMask = 2147483647;
			files = (
				5FF2A1181B7E785200BB2F7D /* ResourcePath.mm in Sources */,
				5FF2A1171B7E785200BB2F7D /* main.cpp in Sources */,
				5FF2A1191B7E785200BB2F7D /* World.cpp in Sources */,
				5FF2A1151B7E785200BB2F7D /* Boid.cpp in Sources */,
			);
			runOnlyForDeploymentPostprocessing = 0;
		};
/* End PBXSourcesBuildPhase section */

/* Begin XCBuildConfiguration section */
		5FF2A0E61B7E77F300BB2F7D /* Debug */ = {
			isa = XCBuildConfiguration;
			buildSettings = {
				ARCHS = (
					i386,
					x86_64,
				);
				CLANG_CXX_LANGUAGE_STANDARD = "c++0x";
				CLANG_CXX_LIBRARY = "libc++";
				FRAMEWORK_SEARCH_PATHS = (
					/Library/Frameworks/,
					"$(inherited)",
				);
				GCC_VERSION = com.apple.compilers.llvm.clang.1_0;
				HEADER_SEARCH_PATHS = (
					/usr/local/include/,
					"$(inherited)",
				);
				LIBRARY_SEARCH_PATHS = (
					/usr/local/lib/,
					"$(inherited)",
				);
				MACOSX_DEPLOYMENT_TARGET = 10.7;
				OTHER_LDFLAGS = (
					"$(inherited)",
					"$(SFML_SYSTEM)",
					"$(SFML_WINDOW)",
					"$(SFML_GRAPHICS)",
					"$(SFML_AUDIO)",
					"$(SFML_NETWORK)",
				);
				SFML_AUDIO = "$(SFML_LINK_PREFIX) sfml-audio$(SFML_LINK_SUFFIX)";
				SFML_BINARY_TYPE = FRAMEWORKS;
				SFML_GRAPHICS = "$(SFML_LINK_PREFIX) sfml-graphics$(SFML_LINK_SUFFIX)";
				SFML_LINK_DYLIBS_PREFIX = "-l";
				SFML_LINK_DYLIBS_SUFFIX = "";
				SFML_LINK_FRAMEWORKS_PREFIX = "-framework";
				SFML_LINK_FRAMEWORKS_SUFFIX = "";
				SFML_LINK_PREFIX = "$(SFML_LINK_$(SFML_BINARY_TYPE)_PREFIX)";
				SFML_LINK_SUFFIX = "$(SFML_LINK_$(SFML_BINARY_TYPE)_SUFFIX)";
				SFML_NETWORK = "$(SFML_LINK_PREFIX) sfml-network$(SFML_LINK_SUFFIX)";
				SFML_SYSTEM = "$(SFML_LINK_PREFIX) sfml-system$(SFML_LINK_SUFFIX)";
				SFML_WINDOW = "$(SFML_LINK_PREFIX) sfml-window$(SFML_LINK_SUFFIX)";
				SUPPORTED_PLATFORMS = macosx;
			};
			name = Debug;
		};
		5FF2A0E71B7E77F300BB2F7D /* Release */ = {
			isa = XCBuildConfiguration;
			buildSettings = {
				ARCHS = (
					i386,
					x86_64,
				);
				CLANG_CXX_LANGUAGE_STANDARD = "c++0x";
				CLANG_CXX_LIBRARY = "libc++";
				FRAMEWORK_SEARCH_PATHS = (
					/Library/Frameworks/,
					"$(inherited)",
				);
				GCC_VERSION = com.apple.compilers.llvm.clang.1_0;
				HEADER_SEARCH_PATHS = (
					/usr/local/include/,
					"$(inherited)",
				);
				LIBRARY_SEARCH_PATHS = (
					/usr/local/lib/,
					"$(inherited)",
				);
				MACOSX_DEPLOYMENT_TARGET = 10.7;
				OTHER_LDFLAGS = (
					"$(inherited)",
					"$(SFML_SYSTEM)",
					"$(SFML_WINDOW)",
					"$(SFML_GRAPHICS)",
					"$(SFML_AUDIO)",
					"$(SFML_NETWORK)",
				);
				SFML_AUDIO = "$(SFML_LINK_PREFIX) sfml-audio$(SFML_LINK_SUFFIX)";
				SFML_BINARY_TYPE = FRAMEWORKS;
				SFML_GRAPHICS = "$(SFML_LINK_PREFIX) sfml-graphics$(SFML_LINK_SUFFIX)";
				SFML_LINK_DYLIBS_PREFIX = "-l";
				SFML_LINK_DYLIBS_SUFFIX = "";
				SFML_LINK_FRAMEWORKS_PREFIX = "-framework";
				SFML_LINK_FRAMEWORKS_SUFFIX = "";
				SFML_LINK_PREFIX = "$(SFML_LINK_$(SFML_BINARY_TYPE)_PREFIX)";
				SFML_LINK_SUFFIX = "$(SFML_LINK_$(SFML_BINARY_TYPE)_SUFFIX)";
				SFML_NETWORK = "$(SFML_LINK_PREFIX) sfml-network$(SFML_LINK_SUFFIX)";
				SFML_SYSTEM = "$(SFML_LINK_PREFIX) sfml-system$(SFML_LINK_SUFFIX)";
				SFML_WINDOW = "$(SFML_LINK_PREFIX) sfml-window$(SFML_LINK_SUFFIX)";
				SUPPORTED_PLATFORMS = macosx;
			};
			name = Release;
		};
		5FF2A0E91B7E77F300BB2F7D /* Debug */ = {
			isa = XCBuildConfiguration;
			buildSettings = {
				GCC_OPTIMIZATION_LEVEL = s;
				INFOPLIST_FILE = "Boids/Boids-Info.plist";
				LD_RUNPATH_SEARCH_PATHS = "@loader_path/../Frameworks";
				PRODUCT_NAME = "$(TARGET_NAME)";
			};
			name = Debug;
		};
		5FF2A0EA1B7E77F300BB2F7D /* Release */ = {
			isa = XCBuildConfiguration;
			buildSettings = {
				GCC_OPTIMIZATION_LEVEL = s;
				INFOPLIST_FILE = "Boids/Boids-Info.plist";
				LD_RUNPATH_SEARCH_PATHS = "@loader_path/../Frameworks";
				PRODUCT_NAME = "$(TARGET_NAME)";
			};
			name = Release;
		};
/* End XCBuildConfiguration section */

/* Begin XCConfigurationList section */
		5FF2A0CD1B7E77F300BB2F7D /* Build configuration list for PBXProject "Boids" */ = {
			isa = XCConfigurationList;
			buildConfigurations = (
				5FF2A0E61B7E77F300BB2F7D /* Debug */,
				5FF2A0E71B7E77F300BB2F7D /* Release */,
			);
			defaultConfigurationIsVisible = 0;
			defaultConfigurationName = Release;
		};
		5FF2A0E81B7E77F300BB2F7D /* Build configuration list for PBXNativeTarget "Boids" */ = {
			isa = XCConfigurationList;
			buildConfigurations = (
				5FF2A0E91B7E77F300BB2F7D /* Debug */,
				5FF2A0EA1B7E77F300BB2F7D /* Release */,
			);
			defaultConfigurationIsVisible = 0;
			defaultConfigurationName = Release;
		};
/* End XCConfigurationList section */
	};
	rootObject = 5FF2A0CA1B7E77F300BB2F7D /* Project object */;
}
